
Microsoft Visual Studio Solution File, Format Version 12.00
# Visual Studio Version 16
VisualStudioVersion = 16.0.31911.196
MinimumVisualStudioVersion = 10.0.40219.1
Project("{FAE04EC0-301F-11D3-BF4B-00C04F79EFBC}") = "DövizUygulaması", "DövizUygulaması\DövizUygulaması.csproj", "{7C9B9D63-89F6-4164-82AF-ABECCB5B0460}"
EndProject
Global
	GlobalSection(SolutionConfigurationPlatforms) = preSolution
		Debug|Any CPU = Debug|Any CPU
		Release|Any CPU = Release|Any CPU
	EndGlobalSection
	GlobalSection(ProjectConfigurationPlatforms) = postSolution
		{7C9B9D63-89F6-4164-82AF-ABECCB5B0460}.Debug|Any CPU.ActiveCfg = Debug|Any CPU
		{7C9B9D63-89F6-4164-82AF-ABECCB5B0460}.Debug|Any CPU.Build.0 = Debug|Any CPU
		{7C9B9D63-89F6-4164-82AF-ABECCB5B0460}.Release|Any CPU.ActiveCfg = Release|Any CPU
		{7C9B9D63-89F6-4164-82AF-ABECCB5B0460}.Release|Any CPU.Build.0 = Release|Any CPU
	EndGlobalSection
	GlobalSection(SolutionProperties) = preSolution
		HideSolutionNode = FALSE
	EndGlobalSection
	GlobalSection(ExtensibilityGlobals) = postSolution
		SolutionGuid = {31FFABDE-2DB7-4D12-95B9-8282884C6143}
	EndGlobalSection
EndGlobal
